// !$*UTF8*$!
{
	archiveVersion = 1;
	classes = {
	};
	objectVersion = 50;
	objects = {

/* Begin PBXBuildFile section */
		50D21DC4E0F51EE6C0F50920 /* Pods_project_projectUITests.framework in Frameworks */ = {isa = PBXBuildFile; fileRef = 9FB843F6ADAB345BA13CCB8A /* Pods_project_projectUITests.framework */; };
		89ADA95729F76E5F6C5D76A4 /* Pods_projectTests.framework in Frameworks */ = {isa = PBXBuildFile; fileRef = E452DEF0A0DD480889FBC0E6 /* Pods_projectTests.framework */; };
		AA43F62A26A0ABFD008A5295 /* API.swift in Sources */ = {isa = PBXBuildFile; fileRef = AA43F62926A0ABFD008A5295 /* API.swift */; };
		AA43F62C26A0B278008A5295 /* BeerCollectionViewCell.ViewModel.swift in Sources */ = {isa = PBXBuildFile; fileRef = AA43F62B26A0B278008A5295 /* BeerCollectionViewCell.ViewModel.swift */; };
		AA45FBAF26912E6100BB0D7B /* BeerCollectionViewCell.swift in Sources */ = {isa = PBXBuildFile; fileRef = AA45FBAE26912E6100BB0D7B /* BeerCollectionViewCell.swift */; };
		AAA8A8DF26911BBC00515752 /* AppDelegate.swift in Sources */ = {isa = PBXBuildFile; fileRef = AAA8A8DE26911BBC00515752 /* AppDelegate.swift */; };
		AAA8A8E326911BBC00515752 /* HomeViewController.swift in Sources */ = {isa = PBXBuildFile; fileRef = AAA8A8E226911BBC00515752 /* HomeViewController.swift */; };
		AAA8A8E826911BBC00515752 /* Assets.xcassets in Resources */ = {isa = PBXBuildFile; fileRef = AAA8A8E726911BBC00515752 /* Assets.xcassets */; };
		AAA8A8EB26911BBC00515752 /* LaunchScreen.storyboard in Resources */ = {isa = PBXBuildFile; fileRef = AAA8A8E926911BBC00515752 /* LaunchScreen.storyboard */; };
		AAA8A8F626911BBD00515752 /* projectTests.swift in Sources */ = {isa = PBXBuildFile; fileRef = AAA8A8F526911BBD00515752 /* projectTests.swift */; };
		AAA8A90126911BBD00515752 /* projectUITests.swift in Sources */ = {isa = PBXBuildFile; fileRef = AAA8A90026911BBD00515752 /* projectUITests.swift */; };
		AAA8E533269121A0003BFD9B /* BeerViewController.swift in Sources */ = {isa = PBXBuildFile; fileRef = AAA8E532269121A0003BFD9B /* BeerViewController.swift */; };
		ABA87C42389A94568B94C715 /* Pods_project.framework in Frameworks */ = {isa = PBXBuildFile; fileRef = 2F5A88E39A5D639DEB4223E5 /* Pods_project.framework */; };
/* End PBXBuildFile section */

/* Begin PBXContainerItemProxy section */
		AAA8A8F226911BBD00515752 /* PBXContainerItemProxy */ = {
			isa = PBXContainerItemProxy;
			containerPortal = AAA8A8D326911BBC00515752 /* Project object */;
			proxyType = 1;
			remoteGlobalIDString = AAA8A8DA26911BBC00515752;
			remoteInfo = project;
		};
		AAA8A8FD26911BBD00515752 /* PBXContainerItemProxy */ = {
			isa = PBXContainerItemProxy;
			containerPortal = AAA8A8D326911BBC00515752 /* Project object */;
			proxyType = 1;
			remoteGlobalIDString = AAA8A8DA26911BBC00515752;
			remoteInfo = project;
		};
/* End PBXContainerItemProxy section */

/* Begin PBXFileReference section */
		0EF783C93F19C51A4C0FA8D9 /* Pods-project-projectUITests.release.xcconfig */ = {isa = PBXFileReference; includeInIndex = 1; lastKnownFileType = text.xcconfig; name = "Pods-project-projectUITests.release.xcconfig"; path = "Target Support Files/Pods-project-projectUITests/Pods-project-projectUITests.release.xcconfig"; sourceTree = "<group>"; };
		2BCB4446EC2D10C336B5F6B2 /* Pods-project.debug.xcconfig */ = {isa = PBXFileReference; includeInIndex = 1; lastKnownFileType = text.xcconfig; name = "Pods-project.debug.xcconfig"; path = "Target Support Files/Pods-project/Pods-project.debug.xcconfig"; sourceTree = "<group>"; };
		2F5A88E39A5D639DEB4223E5 /* Pods_project.framework */ = {isa = PBXFileReference; explicitFileType = wrapper.framework; includeInIndex = 0; path = Pods_project.framework; sourceTree = BUILT_PRODUCTS_DIR; };
		460C64170194586B9D09141A /* Pods-project-projectUITests.debug.xcconfig */ = {isa = PBXFileReference; includeInIndex = 1; lastKnownFileType = text.xcconfig; name = "Pods-project-projectUITests.debug.xcconfig"; path = "Target Support Files/Pods-project-projectUITests/Pods-project-projectUITests.debug.xcconfig"; sourceTree = "<group>"; };
		9FB843F6ADAB345BA13CCB8A /* Pods_project_projectUITests.framework */ = {isa = PBXFileReference; explicitFileType = wrapper.framework; includeInIndex = 0; path = Pods_project_projectUITests.framework; sourceTree = BUILT_PRODUCTS_DIR; };
		AA43F62926A0ABFD008A5295 /* API.swift */ = {isa = PBXFileReference; lastKnownFileType = sourcecode.swift; path = API.swift; sourceTree = "<group>"; };
		AA43F62B26A0B278008A5295 /* BeerCollectionViewCell.ViewModel.swift */ = {isa = PBXFileReference; lastKnownFileType = sourcecode.swift; path = BeerCollectionViewCell.ViewModel.swift; sourceTree = "<group>"; };
		AA45FBAE26912E6100BB0D7B /* BeerCollectionViewCell.swift */ = {isa = PBXFileReference; lastKnownFileType = sourcecode.swift; path = BeerCollectionViewCell.swift; sourceTree = "<group>"; };
		AAA8A8DB26911BBC00515752 /* project.app */ = {isa = PBXFileReference; explicitFileType = wrapper.application; includeInIndex = 0; path = project.app; sourceTree = BUILT_PRODUCTS_DIR; };
		AAA8A8DE26911BBC00515752 /* AppDelegate.swift */ = {isa = PBXFileReference; lastKnownFileType = sourcecode.swift; path = AppDelegate.swift; sourceTree = "<group>"; };
		AAA8A8E226911BBC00515752 /* HomeViewController.swift */ = {isa = PBXFileReference; lastKnownFileType = sourcecode.swift; path = HomeViewController.swift; sourceTree = "<group>"; };
		AAA8A8E726911BBC00515752 /* Assets.xcassets */ = {isa = PBXFileReference; lastKnownFileType = folder.assetcatalog; path = Assets.xcassets; sourceTree = "<group>"; };
		AAA8A8EA26911BBC00515752 /* Base */ = {isa = PBXFileReference; lastKnownFileType = file.storyboard; name = Base; path = Base.lproj/LaunchScreen.storyboard; sourceTree = "<group>"; };
		AAA8A8EC26911BBC00515752 /* Info.plist */ = {isa = PBXFileReference; lastKnownFileType = text.plist.xml; path = Info.plist; sourceTree = "<group>"; };
		AAA8A8F126911BBD00515752 /* projectTests.xctest */ = {isa = PBXFileReference; explicitFileType = wrapper.cfbundle; includeInIndex = 0; path = projectTests.xctest; sourceTree = BUILT_PRODUCTS_DIR; };
		AAA8A8F526911BBD00515752 /* projectTests.swift */ = {isa = PBXFileReference; lastKnownFileType = sourcecode.swift; path = projectTests.swift; sourceTree = "<group>"; };
		AAA8A8F726911BBD00515752 /* Info.plist */ = {isa = PBXFileReference; lastKnownFileType = text.plist.xml; path = Info.plist; sourceTree = "<group>"; };
		AAA8A8FC26911BBD00515752 /* projectUITests.xctest */ = {isa = PBXFileReference; explicitFileType = wrapper.cfbundle; includeInIndex = 0; path = projectUITests.xctest; sourceTree = BUILT_PRODUCTS_DIR; };
		AAA8A90026911BBD00515752 /* projectUITests.swift */ = {isa = PBXFileReference; lastKnownFileType = sourcecode.swift; path = projectUITests.swift; sourceTree = "<group>"; };
		AAA8A90226911BBD00515752 /* Info.plist */ = {isa = PBXFileReference; lastKnownFileType = text.plist.xml; path = Info.plist; sourceTree = "<group>"; };
		AAA8E532269121A0003BFD9B /* BeerViewController.swift */ = {isa = PBXFileReference; lastKnownFileType = sourcecode.swift; path = BeerViewController.swift; sourceTree = "<group>"; };
		B2FCCA696D7DDA1F79AF3BBC /* Pods-projectTests.release.xcconfig */ = {isa = PBXFileReference; includeInIndex = 1; lastKnownFileType = text.xcconfig; name = "Pods-projectTests.release.xcconfig"; path = "Target Support Files/Pods-projectTests/Pods-projectTests.release.xcconfig"; sourceTree = "<group>"; };
		CF0A8CDD53B725DF1BCC90C3 /* Pods-projectTests.debug.xcconfig */ = {isa = PBXFileReference; includeInIndex = 1; lastKnownFileType = text.xcconfig; name = "Pods-projectTests.debug.xcconfig"; path = "Target Support Files/Pods-projectTests/Pods-projectTests.debug.xcconfig"; sourceTree = "<group>"; };
		E452DEF0A0DD480889FBC0E6 /* Pods_projectTests.framework */ = {isa = PBXFileReference; explicitFileType = wrapper.framework; includeInIndex = 0; path = Pods_projectTests.framework; sourceTree = BUILT_PRODUCTS_DIR; };
		F68F315949CE14AB5F3FA069 /* Pods-project.release.xcconfig */ = {isa = PBXFileReference; includeInIndex = 1; lastKnownFileType = text.xcconfig; name = "Pods-project.release.xcconfig"; path = "Target Support Files/Pods-project/Pods-project.release.xcconfig"; sourceTree = "<group>"; };
/* End PBXFileReference section */

/* Begin PBXFrameworksBuildPhase section */
		AAA8A8D826911BBC00515752 /* Frameworks */ = {
			isa = PBXFrameworksBuildPhase;
			buildActionMask = 2147483647;
			files = (
				ABA87C42389A94568B94C715 /* Pods_project.framework in Frameworks */,
			);
			runOnlyForDeploymentPostprocessing = 0;
		};
		AAA8A8EE26911BBD00515752 /* Frameworks */ = {
			isa = PBXFrameworksBuildPhase;
			buildActionMask = 2147483647;
			files = (
				89ADA95729F76E5F6C5D76A4 /* Pods_projectTests.framework in Frameworks */,
			);
			runOnlyForDeploymentPostprocessing = 0;
		};
		AAA8A8F926911BBD00515752 /* Frameworks */ = {
			isa = PBXFrameworksBuildPhase;
			buildActionMask = 2147483647;
			files = (
				50D21DC4E0F51EE6C0F50920 /* Pods_project_projectUITests.framework in Frameworks */,
			);
			runOnlyForDeploymentPostprocessing = 0;
		};
/* End PBXFrameworksBuildPhase section */

/* Begin PBXGroup section */
		002536258BB826FAC072AF03 /* Frameworks */ = {
			isa = PBXGroup;
			children = (
				2F5A88E39A5D639DEB4223E5 /* Pods_project.framework */,
				9FB843F6ADAB345BA13CCB8A /* Pods_project_projectUITests.framework */,
				E452DEF0A0DD480889FBC0E6 /* Pods_projectTests.framework */,
			);
			name = Frameworks;
			sourceTree = "<group>";
		};
		AA45FBAD26912C5E00BB0D7B /* Beers ViewController */ = {
			isa = PBXGroup;
			children = (
				AAA8E532269121A0003BFD9B /* BeerViewController.swift */,
				AA45FBB026912ED700BB0D7B /* Views */,
			);
			path = "Beers ViewController";
			sourceTree = "<group>";
		};
		AA45FBB026912ED700BB0D7B /* Views */ = {
			isa = PBXGroup;
			children = (
				AA45FBAE26912E6100BB0D7B /* BeerCollectionViewCell.swift */,
				AA43F62B26A0B278008A5295 /* BeerCollectionViewCell.ViewModel.swift */,
			);
			path = Views;
			sourceTree = "<group>";
		};
		AA6B297F26A0B872008EA08C /* System */ = {
			isa = PBXGroup;
			children = (
				AA43F62926A0ABFD008A5295 /* API.swift */,
			);
			path = System;
			sourceTree = "<group>";
		};
		AA6B298126A0B9E0008EA08C /* Resources */ = {
			isa = PBXGroup;
			children = (
				AAA8A8E726911BBC00515752 /* Assets.xcassets */,
				AAA8A8E926911BBC00515752 /* LaunchScreen.storyboard */,
			);
			path = Resources;
			sourceTree = "<group>";
		};
		AAA8A8D226911BBC00515752 = {
			isa = PBXGroup;
			children = (
				AAA8A8DD26911BBC00515752 /* project */,
				AAA8A8F426911BBD00515752 /* projectTests */,
				AAA8A8FF26911BBD00515752 /* projectUITests */,
				AAA8A8DC26911BBC00515752 /* Products */,
				EF96A886A9E91AE7862FDBE7 /* Pods */,
				002536258BB826FAC072AF03 /* Frameworks */,
			);
			sourceTree = "<group>";
		};
		AAA8A8DC26911BBC00515752 /* Products */ = {
			isa = PBXGroup;
			children = (
				AAA8A8DB26911BBC00515752 /* project.app */,
				AAA8A8F126911BBD00515752 /* projectTests.xctest */,
				AAA8A8FC26911BBD00515752 /* projectUITests.xctest */,
			);
			name = Products;
			sourceTree = "<group>";
		};
		AAA8A8DD26911BBC00515752 /* project */ = {
			isa = PBXGroup;
			children = (
				AAA8A8DE26911BBC00515752 /* AppDelegate.swift */,
				AAA8A8E226911BBC00515752 /* HomeViewController.swift */,
				AA45FBAD26912C5E00BB0D7B /* Beers ViewController */,
				AA6B297F26A0B872008EA08C /* System */,
				AA6B298126A0B9E0008EA08C /* Resources */,
				AAA8A8EC26911BBC00515752 /* Info.plist */,
			);
			path = project;
			sourceTree = "<group>";
		};
		AAA8A8F426911BBD00515752 /* projectTests */ = {
			isa = PBXGroup;
			children = (
				AAA8A8F526911BBD00515752 /* projectTests.swift */,
				AAA8A8F726911BBD00515752 /* Info.plist */,
			);
			path = projectTests;
			sourceTree = "<group>";
		};
		AAA8A8FF26911BBD00515752 /* projectUITests */ = {
			isa = PBXGroup;
			children = (
				AAA8A90026911BBD00515752 /* projectUITests.swift */,
				AAA8A90226911BBD00515752 /* Info.plist */,
			);
			path = projectUITests;
			sourceTree = "<group>";
		};
		EF96A886A9E91AE7862FDBE7 /* Pods */ = {
			isa = PBXGroup;
			children = (
				2BCB4446EC2D10C336B5F6B2 /* Pods-project.debug.xcconfig */,
				F68F315949CE14AB5F3FA069 /* Pods-project.release.xcconfig */,
				460C64170194586B9D09141A /* Pods-project-projectUITests.debug.xcconfig */,
				0EF783C93F19C51A4C0FA8D9 /* Pods-project-projectUITests.release.xcconfig */,
				CF0A8CDD53B725DF1BCC90C3 /* Pods-projectTests.debug.xcconfig */,
				B2FCCA696D7DDA1F79AF3BBC /* Pods-projectTests.release.xcconfig */,
			);
			path = Pods;
			sourceTree = "<group>";
		};
/* End PBXGroup section */

/* Begin PBXNativeTarget section */
		AAA8A8DA26911BBC00515752 /* project */ = {
			isa = PBXNativeTarget;
			buildConfigurationList = AAA8A90526911BBD00515752 /* Build configuration list for PBXNativeTarget "project" */;
			buildPhases = (
				6ED0E6C21C9D051E8ED445D9 /* [CP] Check Pods Manifest.lock */,
				AAA8A8D726911BBC00515752 /* Sources */,
				AAA8A8D826911BBC00515752 /* Frameworks */,
				AAA8A8D926911BBC00515752 /* Resources */,
			);
			buildRules = (
			);
			dependencies = (
			);
			name = project;
			productName = project;
			productReference = AAA8A8DB26911BBC00515752 /* project.app */;
			productType = "com.apple.product-type.application";
		};
		AAA8A8F026911BBD00515752 /* projectTests */ = {
			isa = PBXNativeTarget;
			buildConfigurationList = AAA8A90826911BBD00515752 /* Build configuration list for PBXNativeTarget "projectTests" */;
			buildPhases = (
				F9ECF5D417D2EA64D9728713 /* [CP] Check Pods Manifest.lock */,
				AAA8A8ED26911BBD00515752 /* Sources */,
				AAA8A8EE26911BBD00515752 /* Frameworks */,
				AAA8A8EF26911BBD00515752 /* Resources */,
			);
			buildRules = (
			);
			dependencies = (
				AAA8A8F326911BBD00515752 /* PBXTargetDependency */,
			);
			name = projectTests;
			productName = projectTests;
			productReference = AAA8A8F126911BBD00515752 /* projectTests.xctest */;
			productType = "com.apple.product-type.bundle.unit-test";
		};
		AAA8A8FB26911BBD00515752 /* projectUITests */ = {
			isa = PBXNativeTarget;
			buildConfigurationList = AAA8A90B26911BBD00515752 /* Build configuration list for PBXNativeTarget "projectUITests" */;
			buildPhases = (
				71A763461ED2E10911FB463A /* [CP] Check Pods Manifest.lock */,
				AAA8A8F826911BBD00515752 /* Sources */,
				AAA8A8F926911BBD00515752 /* Frameworks */,
				AAA8A8FA26911BBD00515752 /* Resources */,
			);
			buildRules = (
			);
			dependencies = (
				AAA8A8FE26911BBD00515752 /* PBXTargetDependency */,
			);
			name = projectUITests;
			productName = projectUITests;
			productReference = AAA8A8FC26911BBD00515752 /* projectUITests.xctest */;
			productType = "com.apple.product-type.bundle.ui-testing";
		};
/* End PBXNativeTarget section */

/* Begin PBXProject section */
		AAA8A8D326911BBC00515752 /* Project object */ = {
			isa = PBXProject;
			attributes = {
				LastSwiftUpdateCheck = 1250;
				LastUpgradeCheck = 1250;
				TargetAttributes = {
					AAA8A8DA26911BBC00515752 = {
						CreatedOnToolsVersion = 12.5.1;
					};
					AAA8A8F026911BBD00515752 = {
						CreatedOnToolsVersion = 12.5.1;
						TestTargetID = AAA8A8DA26911BBC00515752;
					};
					AAA8A8FB26911BBD00515752 = {
						CreatedOnToolsVersion = 12.5.1;
						TestTargetID = AAA8A8DA26911BBC00515752;
					};
				};
			};
			buildConfigurationList = AAA8A8D626911BBC00515752 /* Build configuration list for PBXProject "project" */;
			compatibilityVersion = "Xcode 9.3";
			developmentRegion = en;
			hasScannedForEncodings = 0;
			knownRegions = (
				en,
				Base,
			);
			mainGroup = AAA8A8D226911BBC00515752;
			productRefGroup = AAA8A8DC26911BBC00515752 /* Products */;
			projectDirPath = "";
			projectRoot = "";
			targets = (
				AAA8A8DA26911BBC00515752 /* project */,
				AAA8A8F026911BBD00515752 /* projectTests */,
				AAA8A8FB26911BBD00515752 /* projectUITests */,
			);
		};
/* End PBXProject section */

/* Begin PBXResourcesBuildPhase section */
		AAA8A8D926911BBC00515752 /* Resources */ = {
			isa = PBXResourcesBuildPhase;
			buildActionMask = 2147483647;
			files = (
				AAA8A8EB26911BBC00515752 /* LaunchScreen.storyboard in Resources */,
				AAA8A8E826911BBC00515752 /* Assets.xcassets in Resources */,
			);
			runOnlyForDeploymentPostprocessing = 0;
		};
		AAA8A8EF26911BBD00515752 /* Resources */ = {
			isa = PBXResourcesBuildPhase;
			buildActionMask = 2147483647;
			files = (
			);
			runOnlyForDeploymentPostprocessing = 0;
		};
		AAA8A8FA26911BBD00515752 /* Resources */ = {
			isa = PBXResourcesBuildPhase;
			buildActionMask = 2147483647;
			files = (
			);
			runOnlyForDeploymentPostprocessing = 0;
		};
/* End PBXResourcesBuildPhase section */

/* Begin PBXShellScriptBuildPhase section */
		6ED0E6C21C9D051E8ED445D9 /* [CP] Check Pods Manifest.lock */ = {
			isa = PBXShellScriptBuildPhase;
			buildActionMask = 2147483647;
			files = (
			);
			inputFileListPaths = (
			);
			inputPaths = (
				"${PODS_PODFILE_DIR_PATH}/Podfile.lock",
				"${PODS_ROOT}/Manifest.lock",
			);
			name = "[CP] Check Pods Manifest.lock";
			outputFileListPaths = (
			);
			outputPaths = (
				"$(DERIVED_FILE_DIR)/Pods-project-checkManifestLockResult.txt",
			);
			runOnlyForDeploymentPostprocessing = 0;
			shellPath = /bin/sh;
			shellScript = "diff \"${PODS_PODFILE_DIR_PATH}/Podfile.lock\" \"${PODS_ROOT}/Manifest.lock\" > /dev/null\nif [ $? != 0 ] ; then\n    # print error to STDERR\n    echo \"error: The sandbox is not in sync with the Podfile.lock. Run 'pod install' or update your CocoaPods installation.\" >&2\n    exit 1\nfi\n# This output is used by Xcode 'outputs' to avoid re-running this script phase.\necho \"SUCCESS\" > \"${SCRIPT_OUTPUT_FILE_0}\"\n";
			showEnvVarsInLog = 0;
		};
		71A763461ED2E10911FB463A /* [CP] Check Pods Manifest.lock */ = {
			isa = PBXShellScriptBuildPhase;
			buildActionMask = 2147483647;
			files = (
			);
			inputFileListPaths = (
			);
			inputPaths = (
				"${PODS_PODFILE_DIR_PATH}/Podfile.lock",
				"${PODS_ROOT}/Manifest.lock",
			);
			name = "[CP] Check Pods Manifest.lock";
			outputFileListPaths = (
			);
			outputPaths = (
				"$(DERIVED_FILE_DIR)/Pods-project-projectUITests-checkManifestLockResult.txt",
			);
			runOnlyForDeploymentPostprocessing = 0;
			shellPath = /bin/sh;
			shellScript = "diff \"${PODS_PODFILE_DIR_PATH}/Podfile.lock\" \"${PODS_ROOT}/Manifest.lock\" > /dev/null\nif [ $? != 0 ] ; then\n    # print error to STDERR\n    echo \"error: The sandbox is not in sync with the Podfile.lock. Run 'pod install' or update your CocoaPods installation.\" >&2\n    exit 1\nfi\n# This output is used by Xcode 'outputs' to avoid re-running this script phase.\necho \"SUCCESS\" > \"${SCRIPT_OUTPUT_FILE_0}\"\n";
			showEnvVarsInLog = 0;
		};
		F9ECF5D417D2EA64D9728713 /* [CP] Check Pods Manifest.lock */ = {
			isa = PBXShellScriptBuildPhase;
			buildActionMask = 2147483647;
			files = (
			);
			inputFileListPaths = (
			);
			inputPaths = (
				"${PODS_PODFILE_DIR_PATH}/Podfile.lock",
				"${PODS_ROOT}/Manifest.lock",
			);
			name = "[CP] Check Pods Manifest.lock";
			outputFileListPaths = (
			);
			outputPaths = (
				"$(DERIVED_FILE_DIR)/Pods-projectTests-checkManifestLockResult.txt",
			);
			runOnlyForDeploymentPostprocessing = 0;
			shellPath = /bin/sh;
			shellScript = "diff \"${PODS_PODFILE_DIR_PATH}/Podfile.lock\" \"${PODS_ROOT}/Manifest.lock\" > /dev/null\nif [ $? != 0 ] ; then\n    # print error to STDERR\n    echo \"error: The sandbox is not in sync with the Podfile.lock. Run 'pod install' or update your CocoaPods installation.\" >&2\n    exit 1\nfi\n# This output is used by Xcode 'outputs' to avoid re-running this script phase.\necho \"SUCCESS\" > \"${SCRIPT_OUTPUT_FILE_0}\"\n";
			showEnvVarsInLog = 0;
		};
/* End PBXShellScriptBuildPhase section */

/* Begin PBXSourcesBuildPhase section */
		AAA8A8D726911BBC00515752 /* Sources */ = {
			isa = PBXSourcesBuildPhase;
			buildActionMask = 2147483647;
			files = (
				AA43F62C26A0B278008A5295 /* BeerCollectionViewCell.ViewModel.swift in Sources */,
				AA45FBAF26912E6100BB0D7B /* BeerCollectionViewCell.swift in Sources */,
				AAA8E533269121A0003BFD9B /* BeerViewController.swift in Sources */,
				AA43F62A26A0ABFD008A5295 /* API.swift in Sources */,
				AAA8A8E326911BBC00515752 /* HomeViewController.swift in Sources */,
				AAA8A8DF26911BBC00515752 /* AppDelegate.swift in Sources */,
			);
			runOnlyForDeploymentPostprocessing = 0;
		};
		AAA8A8ED26911BBD00515752 /* Sources */ = {
			isa = PBXSourcesBuildPhase;
			buildActionMask = 2147483647;
			files = (
				AAA8A8F626911BBD00515752 /* projectTests.swift in Sources */,
			);
			runOnlyForDeploymentPostprocessing = 0;
		};
		AAA8A8F826911BBD00515752 /* Sources */ = {
			isa = PBXSourcesBuildPhase;
			buildActionMask = 2147483647;
			files = (
				AAA8A90126911BBD00515752 /* projectUITests.swift in Sources */,
			);
			runOnlyForDeploymentPostprocessing = 0;
		};
/* End PBXSourcesBuildPhase section */

/* Begin PBXTargetDependency section */
		AAA8A8F326911BBD00515752 /* PBXTargetDependency */ = {
			isa = PBXTargetDependency;
			target = AAA8A8DA26911BBC00515752 /* project */;
			targetProxy = AAA8A8F226911BBD00515752 /* PBXContainerItemProxy */;
		};
		AAA8A8FE26911BBD00515752 /* PBXTargetDependency */ = {
			isa = PBXTargetDependency;
			target = AAA8A8DA26911BBC00515752 /* project */;
			targetProxy = AAA8A8FD26911BBD00515752 /* PBXContainerItemProxy */;
		};
/* End PBXTargetDependency section */

/* Begin PBXVariantGroup section */
		AAA8A8E926911BBC00515752 /* LaunchScreen.storyboard */ = {
			isa = PBXVariantGroup;
			children = (
				AAA8A8EA26911BBC00515752 /* Base */,
			);
			name = LaunchScreen.storyboard;
			sourceTree = "<group>";
		};
/* End PBXVariantGroup section */

/* Begin XCBuildConfiguration section */
		AAA8A90326911BBD00515752 /* Debug */ = {
			isa = XCBuildConfiguration;
			buildSettings = {
				ALWAYS_SEARCH_USER_PATHS = NO;
				CLANG_ANALYZER_NONNULL = YES;
				CLANG_ANALYZER_NUMBER_OBJECT_CONVERSION = YES_AGGRESSIVE;
				CLANG_CXX_LANGUAGE_STANDARD = "gnu++14";
				CLANG_CXX_LIBRARY = "libc++";
				CLANG_ENABLE_MODULES = YES;
				CLANG_ENABLE_OBJC_ARC = YES;
				CLANG_ENABLE_OBJC_WEAK = YES;
				CLANG_WARN_BLOCK_CAPTURE_AUTORELEASING = YES;
				CLANG_WARN_BOOL_CONVERSION = YES;
				CLANG_WARN_COMMA = YES;
				CLANG_WARN_CONSTANT_CONVERSION = YES;
				CLANG_WARN_DEPRECATED_OBJC_IMPLEMENTATIONS = YES;
				CLANG_WARN_DIRECT_OBJC_ISA_USAGE = YES_ERROR;
				CLANG_WARN_DOCUMENTATION_COMMENTS = YES;
				CLANG_WARN_EMPTY_BODY = YES;
				CLANG_WARN_ENUM_CONVERSION = YES;
				CLANG_WARN_INFINITE_RECURSION = YES;
				CLANG_WARN_INT_CONVERSION = YES;
				CLANG_WARN_NON_LITERAL_NULL_CONVERSION = YES;
				CLANG_WARN_OBJC_IMPLICIT_RETAIN_SELF = YES;
				CLANG_WARN_OBJC_LITERAL_CONVERSION = YES;
				CLANG_WARN_OBJC_ROOT_CLASS = YES_ERROR;
				CLANG_WARN_QUOTED_INCLUDE_IN_FRAMEWORK_HEADER = YES;
				CLANG_WARN_RANGE_LOOP_ANALYSIS = YES;
				CLANG_WARN_STRICT_PROTOTYPES = YES;
				CLANG_WARN_SUSPICIOUS_MOVE = YES;
				CLANG_WARN_UNGUARDED_AVAILABILITY = YES_AGGRESSIVE;
				CLANG_WARN_UNREACHABLE_CODE = YES;
				CLANG_WARN__DUPLICATE_METHOD_MATCH = YES;
				COPY_PHASE_STRIP = NO;
				DEBUG_INFORMATION_FORMAT = dwarf;
				ENABLE_STRICT_OBJC_MSGSEND = YES;
				ENABLE_TESTABILITY = YES;
				GCC_C_LANGUAGE_STANDARD = gnu11;
				GCC_DYNAMIC_NO_PIC = NO;
				GCC_NO_COMMON_BLOCKS = YES;
				GCC_OPTIMIZATION_LEVEL = 0;
				GCC_PREPROCESSOR_DEFINITIONS = (
					"DEBUG=1",
					"$(inherited)",
				);
				GCC_WARN_64_TO_32_BIT_CONVERSION = YES;
				GCC_WARN_ABOUT_RETURN_TYPE = YES_ERROR;
				GCC_WARN_UNDECLARED_SELECTOR = YES;
				GCC_WARN_UNINITIALIZED_AUTOS = YES_AGGRESSIVE;
				GCC_WARN_UNUSED_FUNCTION = YES;
				GCC_WARN_UNUSED_VARIABLE = YES;
				IPHONEOS_DEPLOYMENT_TARGET = 14.5;
				MTL_ENABLE_DEBUG_INFO = INCLUDE_SOURCE;
				MTL_FAST_MATH = YES;
				ONLY_ACTIVE_ARCH = YES;
				SDKROOT = iphoneos;
				SWIFT_ACTIVE_COMPILATION_CONDITIONS = DEBUG;
				SWIFT_OPTIMIZATION_LEVEL = "-Onone";
			};
			name = Debug;
		};
		AAA8A90426911BBD00515752 /* Release */ = {
			isa = XCBuildConfiguration;
			buildSettings = {
				ALWAYS_SEARCH_USER_PATHS = NO;
				CLANG_ANALYZER_NONNULL = YES;
				CLANG_ANALYZER_NUMBER_OBJECT_CONVERSION = YES_AGGRESSIVE;
				CLANG_CXX_LANGUAGE_STANDARD = "gnu++14";
				CLANG_CXX_LIBRARY = "libc++";
				CLANG_ENABLE_MODULES = YES;
				CLANG_ENABLE_OBJC_ARC = YES;
				CLANG_ENABLE_OBJC_WEAK = YES;
				CLANG_WARN_BLOCK_CAPTURE_AUTORELEASING = YES;
				CLANG_WARN_BOOL_CONVERSION = YES;
				CLANG_WARN_COMMA = YES;
				CLANG_WARN_CONSTANT_CONVERSION = YES;
				CLANG_WARN_DEPRECATED_OBJC_IMPLEMENTATIONS = YES;
				CLANG_WARN_DIRECT_OBJC_ISA_USAGE = YES_ERROR;
				CLANG_WARN_DOCUMENTATION_COMMENTS = YES;
				CLANG_WARN_EMPTY_BODY = YES;
				CLANG_WARN_ENUM_CONVERSION = YES;
				CLANG_WARN_INFINITE_RECURSION = YES;
				CLANG_WARN_INT_CONVERSION = YES;
				CLANG_WARN_NON_LITERAL_NULL_CONVERSION = YES;
				CLANG_WARN_OBJC_IMPLICIT_RETAIN_SELF = YES;
				CLANG_WARN_OBJC_LITERAL_CONVERSION = YES;
				CLANG_WARN_OBJC_ROOT_CLASS = YES_ERROR;
				CLANG_WARN_QUOTED_INCLUDE_IN_FRAMEWORK_HEADER = YES;
				CLANG_WARN_RANGE_LOOP_ANALYSIS = YES;
				CLANG_WARN_STRICT_PROTOTYPES = YES;
				CLANG_WARN_SUSPICIOUS_MOVE = YES;
				CLANG_WARN_UNGUARDED_AVAILABILITY = YES_AGGRESSIVE;
				CLANG_WARN_UNREACHABLE_CODE = YES;
				CLANG_WARN__DUPLICATE_METHOD_MATCH = YES;
				COPY_PHASE_STRIP = NO;
				DEBUG_INFORMATION_FORMAT = "dwarf-with-dsym";
				ENABLE_NS_ASSERTIONS = NO;
				ENABLE_STRICT_OBJC_MSGSEND = YES;
				GCC_C_LANGUAGE_STANDARD = gnu11;
				GCC_NO_COMMON_BLOCKS = YES;
				GCC_WARN_64_TO_32_BIT_CONVERSION = YES;
				GCC_WARN_ABOUT_RETURN_TYPE = YES_ERROR;
				GCC_WARN_UNDECLARED_SELECTOR = YES;
				GCC_WARN_UNINITIALIZED_AUTOS = YES_AGGRESSIVE;
				GCC_WARN_UNUSED_FUNCTION = YES;
				GCC_WARN_UNUSED_VARIABLE = YES;
				IPHONEOS_DEPLOYMENT_TARGET = 14.5;
				MTL_ENABLE_DEBUG_INFO = NO;
				MTL_FAST_MATH = YES;
				SDKROOT = iphoneos;
				SWIFT_COMPILATION_MODE = wholemodule;
				SWIFT_OPTIMIZATION_LEVEL = "-O";
				VALIDATE_PRODUCT = YES;
			};
			name = Release;
		};
		AAA8A90626911BBD00515752 /* Debug */ = {
			isa = XCBuildConfiguration;
			baseConfigurationReference = 2BCB4446EC2D10C336B5F6B2 /* Pods-project.debug.xcconfig */;
			buildSettings = {
				ASSETCATALOG_COMPILER_APPICON_NAME = AppIcon;
				ASSETCATALOG_COMPILER_GLOBAL_ACCENT_COLOR_NAME = AccentColor;
				CODE_SIGN_STYLE = Automatic;
				DEVELOPMENT_TEAM = D69WEANLKK;
				INFOPLIST_FILE = project/Info.plist;
				LD_RUNPATH_SEARCH_PATHS = (
					"$(inherited)",
					"@executable_path/Frameworks",
				);
				PRODUCT_BUNDLE_IDENTIFIER = shaheenghiassy.com.project;
				PRODUCT_NAME = "$(TARGET_NAME)";
				SWIFT_VERSION = 5.0;
				TARGETED_DEVICE_FAMILY = "1,2";
			};
			name = Debug;
		};
		AAA8A90726911BBD00515752 /* Release */ = {
			isa = XCBuildConfiguration;
			baseConfigurationReference = F68F315949CE14AB5F3FA069 /* Pods-project.release.xcconfig */;
			buildSettings = {
				ASSETCATALOG_COMPILER_APPICON_NAME = AppIcon;
				ASSETCATALOG_COMPILER_GLOBAL_ACCENT_COLOR_NAME = AccentColor;
				CODE_SIGN_STYLE = Automatic;
				DEVELOPMENT_TEAM = D69WEANLKK;
				INFOPLIST_FILE = project/Info.plist;
				LD_RUNPATH_SEARCH_PATHS = (
					"$(inherited)",
					"@executable_path/Frameworks",
				);
				PRODUCT_BUNDLE_IDENTIFIER = shaheenghiassy.com.project;
				PRODUCT_NAME = "$(TARGET_NAME)";
				SWIFT_VERSION = 5.0;
				TARGETED_DEVICE_FAMILY = "1,2";
			};
			name = Release;
		};
		AAA8A90926911BBD00515752 /* Debug */ = {
			isa = XCBuildConfiguration;
			baseConfigurationReference = CF0A8CDD53B725DF1BCC90C3 /* Pods-projectTests.debug.xcconfig */;
			buildSettings = {
				ALWAYS_EMBED_SWIFT_STANDARD_LIBRARIES = YES;
				BUNDLE_LOADER = "$(TEST_HOST)";
				CODE_SIGN_STYLE = Automatic;
				DEVELOPMENT_TEAM = D69WEANLKK;
				INFOPLIST_FILE = projectTests/Info.plist;
				IPHONEOS_DEPLOYMENT_TARGET = 14.5;
				LD_RUNPATH_SEARCH_PATHS = (
					"$(inherited)",
					"@executable_path/Frameworks",
					"@loader_path/Frameworks",
				);
				PRODUCT_BUNDLE_IDENTIFIER = shaheenghiassy.com.projectTests;
				PRODUCT_NAME = "$(TARGET_NAME)";
				SWIFT_VERSION = 5.0;
				TARGETED_DEVICE_FAMILY = "1,2";
				TEST_HOST = "$(BUILT_PRODUCTS_DIR)/project.app/project";
			};
			name = Debug;
		};
		AAA8A90A26911BBD00515752 /* Release */ = {
			isa = XCBuildConfiguration;
			baseConfigurationReference = B2FCCA696D7DDA1F79AF3BBC /* Pods-projectTests.release.xcconfig */;
			buildSettings = {
				ALWAYS_EMBED_SWIFT_STANDARD_LIBRARIES = YES;
				BUNDLE_LOADER = "$(TEST_HOST)";
				CODE_SIGN_STYLE = Automatic;
				DEVELOPMENT_TEAM = D69WEANLKK;
				INFOPLIST_FILE = projectTests/Info.plist;
				IPHONEOS_DEPLOYMENT_TARGET = 14.5;
				LD_RUNPATH_SEARCH_PATHS = (
					"$(inherited)",
					"@executable_path/Frameworks",
					"@loader_path/Frameworks",
				);
				PRODUCT_BUNDLE_IDENTIFIER = shaheenghiassy.com.projectTests;
				PRODUCT_NAME = "$(TARGET_NAME)";
				SWIFT_VERSION = 5.0;
				TARGETED_DEVICE_FAMILY = "1,2";
				TEST_HOST = "$(BUILT_PRODUCTS_DIR)/project.app/project";
			};
			name = Release;
		};
		AAA8A90C26911BBD00515752 /* Debug */ = {
			isa = XCBuildConfiguration;
			baseConfigurationReference = 460C64170194586B9D09141A /* Pods-project-projectUITests.debug.xcconfig */;
			buildSettings = {
				ALWAYS_EMBED_SWIFT_STANDARD_LIBRARIES = YES;
				CODE_SIGN_STYLE = Automatic;
				DEVELOPMENT_TEAM = D69WEANLKK;
				INFOPLIST_FILE = projectUITests/Info.plist;
				LD_RUNPATH_SEARCH_PATHS = (
					"$(inherited)",
					"@executable_path/Frameworks",
					"@loader_path/Frameworks",
				);
				PRODUCT_BUNDLE_IDENTIFIER = shaheenghiassy.com.projectUITests;
				PRODUCT_NAME = "$(TARGET_NAME)";
				SWIFT_VERSION = 5.0;
				TARGETED_DEVICE_FAMILY = "1,2";
				TEST_TARGET_NAME = project;
			};
			name = Debug;
		};
		AAA8A90D26911BBD00515752 /* Release */ = {
			isa = XCBuildConfiguration;
			baseConfigurationReference = 0EF783C93F19C51A4C0FA8D9 /* Pods-project-projectUITests.release.xcconfig */;
			buildSettings = {
				ALWAYS_EMBED_SWIFT_STANDARD_LIBRARIES = YES;
				CODE_SIGN_STYLE = Automatic;
				DEVELOPMENT_TEAM = D69WEANLKK;
				INFOPLIST_FILE = projectUITests/Info.plist;
				LD_RUNPATH_SEARCH_PATHS = (
					"$(inherited)",
					"@executable_path/Frameworks",
					"@loader_path/Frameworks",
				);
				PRODUCT_BUNDLE_IDENTIFIER = shaheenghiassy.com.projectUITests;
				PRODUCT_NAME = "$(TARGET_NAME)";
				SWIFT_VERSION = 5.0;
				TARGETED_DEVICE_FAMILY = "1,2";
				TEST_TARGET_NAME = project;
			};
			name = Release;
		};
/* End XCBuildConfiguration section */

/* Begin XCConfigurationList section */
		AAA8A8D626911BBC00515752 /* Build configuration list for PBXProject "project" */ = {
			isa = XCConfigurationList;
			buildConfigurations = (
				AAA8A90326911BBD00515752 /* Debug */,
				AAA8A90426911BBD00515752 /* Release */,
			);
			defaultConfigurationIsVisible = 0;
			defaultConfigurationName = Release;
		};
		AAA8A90526911BBD00515752 /* Build configuration list for PBXNativeTarget "project" */ = {
			isa = XCConfigurationList;
			buildConfigurations = (
				AAA8A90626911BBD00515752 /* Debug */,
				AAA8A90726911BBD00515752 /* Release */,
			);
			defaultConfigurationIsVisible = 0;
			defaultConfigurationName = Release;
		};
		AAA8A90826911BBD00515752 /* Build configuration list for PBXNativeTarget "projectTests" */ = {
			isa = XCConfigurationList;
			buildConfigurations = (
				AAA8A90926911BBD00515752 /* Debug */,
				AAA8A90A26911BBD00515752 /* Release */,
			);
			defaultConfigurationIsVisible = 0;
			defaultConfigurationName = Release;
		};
		AAA8A90B26911BBD00515752 /* Build configuration list for PBXNativeTarget "projectUITests" */ = {
			isa = XCConfigurationList;
			buildConfigurations = (
				AAA8A90C26911BBD00515752 /* Debug */,
				AAA8A90D26911BBD00515752 /* Release */,
			);
			defaultConfigurationIsVisible = 0;
			defaultConfigurationName = Release;
		};
/* End XCConfigurationList section */
	};
	rootObject = AAA8A8D326911BBC00515752 /* Project object */;
}
